
Microsoft Visual Studio Solution File, Format Version 12.00
# Visual Studio 16
Project("{FAE04EC0-301F-11D3-BF4B-00C04F79EFBC}") = "Assembly-CSharp", "Assembly-CSharp.csproj", "{A5D602B0-5BDB-1367-BFB1-C9991B89F875}"
EndProject
Project("{FAE04EC0-301F-11D3-BF4B-00C04F79EFBC}") = "Assembly-CSharp-firstpass", "Assembly-CSharp-firstpass.csproj", "{52AEDB7A-42A4-6137-8CB0-E2AB382AE879}"
EndProject
Global
	GlobalSection(SolutionConfigurationPlatforms) = preSolution
		Debug|Any CPU = Debug|Any CPU
		Release|Any CPU = Release|Any CPU
	EndGlobalSection
	GlobalSection(ProjectConfigurationPlatforms) = postSolution
		{A5D602B0-5BDB-1367-BFB1-C9991B89F875}.Debug|Any CPU.ActiveCfg = Debug|Any CPU
		{A5D602B0-5BDB-1367-BFB1-C9991B89F875}.Debug|Any CPU.Build.0 = Debug|Any CPU
		{A5D602B0-5BDB-1367-BFB1-C9991B89F875}.Release|Any CPU.ActiveCfg = Release|Any CPU
		{A5D602B0-5BDB-1367-BFB1-C9991B89F875}.Release|Any CPU.Build.0 = Release|Any CPU
		{52AEDB7A-42A4-6137-8CB0-E2AB382AE879}.Debug|Any CPU.ActiveCfg = Debug|Any CPU
		{52AEDB7A-42A4-6137-8CB0-E2AB382AE879}.Debug|Any CPU.Build.0 = Debug|Any CPU
		{52AEDB7A-42A4-6137-8CB0-E2AB382AE879}.Release|Any CPU.ActiveCfg = Release|Any CPU
		{52AEDB7A-42A4-6137-8CB0-E2AB382AE879}.Release|Any CPU.Build.0 = Release|Any CPU
	EndGlobalSection
	GlobalSection(SolutionProperties) = preSolution
		HideSolutionNode = FALSE
	EndGlobalSection
EndGlobal
